
Microsoft Visual Studio Solution File, Format Version 12.00
# Visual Studio Version 17
VisualStudioVersion = 17.9.34622.214
MinimumVisualStudioVersion = 10.0.40219.1
Project("{9A19103F-16F7-4668-BE54-9A1E7A4F7556}") = "SGS.NR.AutoReport", "SGS.NR.AutoReport\SGS.NR.AutoReport.csproj", "{685CD2EA-0946-4FAD-A212-CE3467A1D15C}"
EndProject
Project("{9A19103F-16F7-4668-BE54-9A1E7A4F7556}") = "SGS.NR.Repository", "SGS.NR.Repository\SGS.NR.Repository.csproj", "{211BB43E-032F-4C8C-9E71-4D5E63CEF690}"
EndProject
Project("{9A19103F-16F7-4668-BE54-9A1E7A4F7556}") = "SGS.NR.Service", "SGS.NR.Service\SGS.NR.Service.csproj", "{C3DA2D4E-A29B-4416-BD97-E6A283E411F3}"
EndProject
Project("{9A19103F-16F7-4668-BE54-9A1E7A4F7556}") = "SGS.NR.Util", "SGS.NR.Util\SGS.NR.Util.csproj", "{62FC21A9-0A38-4FF0-B416-89C2B3FC486B}"
EndProject
Project("{FAE04EC0-301F-11D3-BF4B-00C04F79EFBC}") = "CovertExcelToWord", "CovertExcelToWord\CovertExcelToWord.csproj", "{6D775939-4D91-48A5-A7FE-D38970152836}"
EndProject
Global
	GlobalSection(SolutionConfigurationPlatforms) = preSolution
		Debug|Any CPU = Debug|Any CPU
		Release|Any CPU = Release|Any CPU
	EndGlobalSection
	GlobalSection(ProjectConfigurationPlatforms) = postSolution
		{685CD2EA-0946-4FAD-A212-CE3467A1D15C}.Debug|Any CPU.ActiveCfg = Debug|Any CPU
		{685CD2EA-0946-4FAD-A212-CE3467A1D15C}.Debug|Any CPU.Build.0 = Debug|Any CPU
		{685CD2EA-0946-4FAD-A212-CE3467A1D15C}.Release|Any CPU.ActiveCfg = Release|Any CPU
		{685CD2EA-0946-4FAD-A212-CE3467A1D15C}.Release|Any CPU.Build.0 = Release|Any CPU
		{211BB43E-032F-4C8C-9E71-4D5E63CEF690}.Debug|Any CPU.ActiveCfg = Debug|Any CPU
		{211BB43E-032F-4C8C-9E71-4D5E63CEF690}.Debug|Any CPU.Build.0 = Debug|Any CPU
		{211BB43E-032F-4C8C-9E71-4D5E63CEF690}.Release|Any CPU.ActiveCfg = Release|Any CPU
		{211BB43E-032F-4C8C-9E71-4D5E63CEF690}.Release|Any CPU.Build.0 = Release|Any CPU
		{C3DA2D4E-A29B-4416-BD97-E6A283E411F3}.Debug|Any CPU.ActiveCfg = Debug|Any CPU
		{C3DA2D4E-A29B-4416-BD97-E6A283E411F3}.Debug|Any CPU.Build.0 = Debug|Any CPU
		{C3DA2D4E-A29B-4416-BD97-E6A283E411F3}.Release|Any CPU.ActiveCfg = Release|Any CPU
		{C3DA2D4E-A29B-4416-BD97-E6A283E411F3}.Release|Any CPU.Build.0 = Release|Any CPU
		{62FC21A9-0A38-4FF0-B416-89C2B3FC486B}.Debug|Any CPU.ActiveCfg = Debug|Any CPU
		{62FC21A9-0A38-4FF0-B416-89C2B3FC486B}.Debug|Any CPU.Build.0 = Debug|Any CPU
		{62FC21A9-0A38-4FF0-B416-89C2B3FC486B}.Release|Any CPU.ActiveCfg = Release|Any CPU
		{62FC21A9-0A38-4FF0-B416-89C2B3FC486B}.Release|Any CPU.Build.0 = Release|Any CPU
		{6D775939-4D91-48A5-A7FE-D38970152836}.Debug|Any CPU.ActiveCfg = Debug|Any CPU
		{6D775939-4D91-48A5-A7FE-D38970152836}.Debug|Any CPU.Build.0 = Debug|Any CPU
		{6D775939-4D91-48A5-A7FE-D38970152836}.Release|Any CPU.ActiveCfg = Release|Any CPU
		{6D775939-4D91-48A5-A7FE-D38970152836}.Release|Any CPU.Build.0 = Release|Any CPU
	EndGlobalSection
	GlobalSection(SolutionProperties) = preSolution
		HideSolutionNode = FALSE
	EndGlobalSection
	GlobalSection(ExtensibilityGlobals) = postSolution
		SolutionGuid = {1BACB974-BE95-4AE3-9255-C320FD287CD2}
	EndGlobalSection
EndGlobal
