
Microsoft Visual Studio Solution File, Format Version 12.00
# Visual Studio Version 17
VisualStudioVersion = 17.5.002.0
MinimumVisualStudioVersion = 10.0.40219.1
Project("{9A19103F-16F7-4668-BE54-9A1E7A4F7556}") = "CovertExcelToWord", "CovertExcelToWord.csproj", "{1C68D35A-6B9B-4B48-8635-0A89CD84FA73}"
EndProject
Global
	GlobalSection(SolutionConfigurationPlatforms) = preSolution
		Debug|Any CPU = Debug|Any CPU
		Release|Any CPU = Release|Any CPU
	EndGlobalSection
	GlobalSection(ProjectConfigurationPlatforms) = postSolution
		{1C68D35A-6B9B-4B48-8635-0A89CD84FA73}.Debug|Any CPU.ActiveCfg = Debug|Any CPU
		{1C68D35A-6B9B-4B48-8635-0A89CD84FA73}.Debug|Any CPU.Build.0 = Debug|Any CPU
		{1C68D35A-6B9B-4B48-8635-0A89CD84FA73}.Release|Any CPU.ActiveCfg = Release|Any CPU
		{1C68D35A-6B9B-4B48-8635-0A89CD84FA73}.Release|Any CPU.Build.0 = Release|Any CPU
	EndGlobalSection
	GlobalSection(SolutionProperties) = preSolution
		HideSolutionNode = FALSE
	EndGlobalSection
	GlobalSection(ExtensibilityGlobals) = postSolution
		SolutionGuid = {7F3B780F-0A81-4D14-938E-15B149E72AB2}
	EndGlobalSection
EndGlobal
